// !$*UTF8*$!
{
	archiveVersion = 1;
	classes = {
	};
	objectVersion = 77;
	objects = {

/* Begin PBXBuildFile section */
		005129CFF22E14B10D708533 /* ProductsView.swift in Sources */ = {isa = PBXBuildFile; fileRef = 7774DC16F32F7A011D518DD3 /* ProductsView.swift */; };
		09455A36204B5397278BEF5D /* BarcodeDB.json in Resources */ = {isa = PBXBuildFile; fileRef = F12064C5FB416D5A177B6E6B /* BarcodeDB.json */; };
		166EB0766B3392358D29A6A3 /* CorrelationEngineTests.swift in Sources */ = {isa = PBXBuildFile; fileRef = C19CBA8700B91A9AE5C463AF /* CorrelationEngineTests.swift */; };
		1F8122B98D21D4D9FFA9993A /* FlaresView.swift in Sources */ = {isa = PBXBuildFile; fileRef = D509815651799DE231FA19C0 /* FlaresView.swift */; };
		2296B88067026DDF1EDA32F8 /* IngredientParser.swift in Sources */ = {isa = PBXBuildFile; fileRef = 72F0B5D0C3083B41CED1A597 /* IngredientParser.swift */; };
		253687EF7F3BC2B3D465832F /* TodayView.swift in Sources */ = {isa = PBXBuildFile; fileRef = 41871BBAD6CC35E04E35E66C /* TodayView.swift */; };
		300797CE5A19473F751A7A4E /* KnownAllergens.swift in Sources */ = {isa = PBXBuildFile; fileRef = 590C8806B3F728A38B5F33D6 /* KnownAllergens.swift */; };
		308BF05971ACDBCEF0B84B64 /* InsightsView.swift in Sources */ = {isa = PBXBuildFile; fileRef = 6604C85126A3C511FBE8FA7C /* InsightsView.swift */; };
		4979C68B7CC2C1582F516A5E /* Models.swift in Sources */ = {isa = PBXBuildFile; fileRef = 1E19E465D947F727A7D127A0 /* Models.swift */; };
		53FFCB65537A7F0CECFE9DA5 /* EXzemaApp.swift in Sources */ = {isa = PBXBuildFile; fileRef = 0F8B92988F6BF8F85229B121 /* EXzemaApp.swift */; };
		5E512612C6753B6DA75FE4AE /* AssistantService.swift in Sources */ = {isa = PBXBuildFile; fileRef = 81CE279AF382355727B8CEA5 /* AssistantService.swift */; };
		63DB2BBF72FA3CCA5B56C5A7 /* CorrelationEngine.swift in Sources */ = {isa = PBXBuildFile; fileRef = E1F31CF024AE6540334CA1C7 /* CorrelationEngine.swift */; };
		734730036D2363118645837D /* CheckProductView.swift in Sources */ = {isa = PBXBuildFile; fileRef = F880A7ED3CB799C931E568CF /* CheckProductView.swift */; };
		79D20996D9375A05F4E74E76 /* ScannerSheet.swift in Sources */ = {isa = PBXBuildFile; fileRef = 660C70C3C2ED73F0B634B9DA /* ScannerSheet.swift */; };
		B5DA94D60552F619AC0F03B4 /* KnownAllergens.json in Resources */ = {isa = PBXBuildFile; fileRef = 9D54AFC7EDB9FF886D6A2045 /* KnownAllergens.json */; };
		BCD6F5E7EE6526E2A515DE10 /* Assets.xcassets in Resources */ = {isa = PBXBuildFile; fileRef = DFE95BCE9EF3A97E941C2FC3 /* Assets.xcassets */; };
		C6A8255F617D24B0ADCCE834 /* PhotoStore.swift in Sources */ = {isa = PBXBuildFile; fileRef = BA2C5811A5374ED668F895C8 /* PhotoStore.swift */; };
		D4D42EE82525EAB0DFBE9897 /* BarcodeLookup.swift in Sources */ = {isa = PBXBuildFile; fileRef = EBCBBAE54AE423E1C37900FF /* BarcodeLookup.swift */; };
		EC5A7466AAEA7E4861CF4AFC /* RootView.swift in Sources */ = {isa = PBXBuildFile; fileRef = 0BDFE6C3F4C08D5E64C804DB /* RootView.swift */; };
/* End PBXBuildFile section */

/* Begin PBXContainerItemProxy section */
		C2B1149C2AF7D284A74099E1 /* PBXContainerItemProxy */ = {
			isa = PBXContainerItemProxy;
			containerPortal = 9A7C92257B429346C6BB776B /* Project object */;
			proxyType = 1;
			remoteGlobalIDString = E2769587CAACBA961ECAC2AA;
			remoteInfo = eXzema;
		};
/* End PBXContainerItemProxy section */

/* Begin PBXFileReference section */
		0BDFE6C3F4C08D5E64C804DB /* RootView.swift */ = {isa = PBXFileReference; lastKnownFileType = sourcecode.swift; path = RootView.swift; sourceTree = "<group>"; };
		0F8B92988F6BF8F85229B121 /* EXzemaApp.swift */ = {isa = PBXFileReference; lastKnownFileType = sourcecode.swift; path = EXzemaApp.swift; sourceTree = "<group>"; };
		12CCD5954B781EB5CC57992A /* eXzema.app */ = {isa = PBXFileReference; includeInIndex = 0; lastKnownFileType = wrapper.application; path = eXzema.app; sourceTree = BUILT_PRODUCTS_DIR; };
		1E19E465D947F727A7D127A0 /* Models.swift */ = {isa = PBXFileReference; lastKnownFileType = sourcecode.swift; path = Models.swift; sourceTree = "<group>"; };
		41871BBAD6CC35E04E35E66C /* TodayView.swift */ = {isa = PBXFileReference; lastKnownFileType = sourcecode.swift; path = TodayView.swift; sourceTree = "<group>"; };
		590C8806B3F728A38B5F33D6 /* KnownAllergens.swift */ = {isa = PBXFileReference; lastKnownFileType = sourcecode.swift; path = KnownAllergens.swift; sourceTree = "<group>"; };
		6604C85126A3C511FBE8FA7C /* InsightsView.swift */ = {isa = PBXFileReference; lastKnownFileType = sourcecode.swift; path = InsightsView.swift; sourceTree = "<group>"; };
		660C70C3C2ED73F0B634B9DA /* ScannerSheet.swift */ = {isa = PBXFileReference; lastKnownFileType = sourcecode.swift; path = ScannerSheet.swift; sourceTree = "<group>"; };
		72F0B5D0C3083B41CED1A597 /* IngredientParser.swift */ = {isa = PBXFileReference; lastKnownFileType = sourcecode.swift; path = IngredientParser.swift; sourceTree = "<group>"; };
		7774DC16F32F7A011D518DD3 /* ProductsView.swift */ = {isa = PBXFileReference; lastKnownFileType = sourcecode.swift; path = ProductsView.swift; sourceTree = "<group>"; };
		81CE279AF382355727B8CEA5 /* AssistantService.swift */ = {isa = PBXFileReference; lastKnownFileType = sourcecode.swift; path = AssistantService.swift; sourceTree = "<group>"; };
		9D54AFC7EDB9FF886D6A2045 /* KnownAllergens.json */ = {isa = PBXFileReference; lastKnownFileType = text.json; path = KnownAllergens.json; sourceTree = "<group>"; };
		BA2C5811A5374ED668F895C8 /* PhotoStore.swift */ = {isa = PBXFileReference; lastKnownFileType = sourcecode.swift; path = PhotoStore.swift; sourceTree = "<group>"; };
		C19CBA8700B91A9AE5C463AF /* CorrelationEngineTests.swift */ = {isa = PBXFileReference; lastKnownFileType = sourcecode.swift; path = CorrelationEngineTests.swift; sourceTree = "<group>"; };
		D509815651799DE231FA19C0 /* FlaresView.swift */ = {isa = PBXFileReference; lastKnownFileType = sourcecode.swift; path = FlaresView.swift; sourceTree = "<group>"; };
		DFE95BCE9EF3A97E941C2FC3 /* Assets.xcassets */ = {isa = PBXFileReference; lastKnownFileType = folder.assetcatalog; path = Assets.xcassets; sourceTree = "<group>"; };
		E1F31CF024AE6540334CA1C7 /* CorrelationEngine.swift */ = {isa = PBXFileReference; lastKnownFileType = sourcecode.swift; path = CorrelationEngine.swift; sourceTree = "<group>"; };
		E42324FE9F26171DE66476B6 /* Info.plist */ = {isa = PBXFileReference; lastKnownFileType = text.plist; path = Info.plist; sourceTree = "<group>"; };
		EBCBBAE54AE423E1C37900FF /* BarcodeLookup.swift */ = {isa = PBXFileReference; lastKnownFileType = sourcecode.swift; path = BarcodeLookup.swift; sourceTree = "<group>"; };
		F12064C5FB416D5A177B6E6B /* BarcodeDB.json */ = {isa = PBXFileReference; lastKnownFileType = text.json; path = BarcodeDB.json; sourceTree = "<group>"; };
		F8450D38523F86B9F354C3AF /* eXzemaTests.xctest */ = {isa = PBXFileReference; includeInIndex = 0; lastKnownFileType = wrapper.cfbundle; path = eXzemaTests.xctest; sourceTree = BUILT_PRODUCTS_DIR; };
		F880A7ED3CB799C931E568CF /* CheckProductView.swift */ = {isa = PBXFileReference; lastKnownFileType = sourcecode.swift; path = CheckProductView.swift; sourceTree = "<group>"; };
/* End PBXFileReference section */

/* Begin PBXGroup section */
		09F2944C7A22EBD2C36A2E91 = {
			isa = PBXGroup;
			children = (
				8893374CD355481BA3F0343C /* eXzema */,
				CC788E4879BB29E4A5528856 /* eXzemaTests */,
				CC65C848DA77A266BE2FDBB3 /* Products */,
			);
			sourceTree = "<group>";
		};
		2DC019695E88D67539BAD9B1 /* Resources */ = {
			isa = PBXGroup;
			children = (
				F12064C5FB416D5A177B6E6B /* BarcodeDB.json */,
				9D54AFC7EDB9FF886D6A2045 /* KnownAllergens.json */,
			);
			path = Resources;
			sourceTree = "<group>";
		};
		79501D9EC67E3FF53C3C2F8D /* Views */ = {
			isa = PBXGroup;
			children = (
				F880A7ED3CB799C931E568CF /* CheckProductView.swift */,
				D509815651799DE231FA19C0 /* FlaresView.swift */,
				6604C85126A3C511FBE8FA7C /* InsightsView.swift */,
				7774DC16F32F7A011D518DD3 /* ProductsView.swift */,
				660C70C3C2ED73F0B634B9DA /* ScannerSheet.swift */,
				41871BBAD6CC35E04E35E66C /* TodayView.swift */,
			);
			path = Views;
			sourceTree = "<group>";
		};
		8893374CD355481BA3F0343C /* eXzema */ = {
			isa = PBXGroup;
			children = (
				DFE95BCE9EF3A97E941C2FC3 /* Assets.xcassets */,
				E42324FE9F26171DE66476B6 /* Info.plist */,
				D18D74D671DA6A7C454450AD /* AI */,
				DA19AD8DF6B5B31BD677EB64 /* App */,
				F397EE8A0613F3BB30A8F8B7 /* Engine */,
				C96350F99A48F507BAE64B24 /* Models */,
				2DC019695E88D67539BAD9B1 /* Resources */,
				79501D9EC67E3FF53C3C2F8D /* Views */,
			);
			path = eXzema;
			sourceTree = "<group>";
		};
		C96350F99A48F507BAE64B24 /* Models */ = {
			isa = PBXGroup;
			children = (
				1E19E465D947F727A7D127A0 /* Models.swift */,
			);
			path = Models;
			sourceTree = "<group>";
		};
		CC65C848DA77A266BE2FDBB3 /* Products */ = {
			isa = PBXGroup;
			children = (
				12CCD5954B781EB5CC57992A /* eXzema.app */,
				F8450D38523F86B9F354C3AF /* eXzemaTests.xctest */,
			);
			name = Products;
			sourceTree = "<group>";
		};
		CC788E4879BB29E4A5528856 /* eXzemaTests */ = {
			isa = PBXGroup;
			children = (
				C19CBA8700B91A9AE5C463AF /* CorrelationEngineTests.swift */,
			);
			path = eXzemaTests;
			sourceTree = "<group>";
		};
		D18D74D671DA6A7C454450AD /* AI */ = {
			isa = PBXGroup;
			children = (
				81CE279AF382355727B8CEA5 /* AssistantService.swift */,
			);
			path = AI;
			sourceTree = "<group>";
		};
		DA19AD8DF6B5B31BD677EB64 /* App */ = {
			isa = PBXGroup;
			children = (
				0F8B92988F6BF8F85229B121 /* EXzemaApp.swift */,
				0BDFE6C3F4C08D5E64C804DB /* RootView.swift */,
			);
			path = App;
			sourceTree = "<group>";
		};
		F397EE8A0613F3BB30A8F8B7 /* Engine */ = {
			isa = PBXGroup;
			children = (
				EBCBBAE54AE423E1C37900FF /* BarcodeLookup.swift */,
				E1F31CF024AE6540334CA1C7 /* CorrelationEngine.swift */,
				72F0B5D0C3083B41CED1A597 /* IngredientParser.swift */,
				590C8806B3F728A38B5F33D6 /* KnownAllergens.swift */,
				BA2C5811A5374ED668F895C8 /* PhotoStore.swift */,
			);
			path = Engine;
			sourceTree = "<group>";
		};
/* End PBXGroup section */

/* Begin PBXNativeTarget section */
		E0830EA62F7F8E6467129F40 /* eXzemaTests */ = {
			isa = PBXNativeTarget;
			buildConfigurationList = 0F78EFDA9B86C72C4982372E /* Build configuration list for PBXNativeTarget "eXzemaTests" */;
			buildPhases = (
				4AA72C7A1BE1D053D2853950 /* Sources */,
			);
			buildRules = (
			);
			dependencies = (
				98E56A88EA997A9AF06015C6 /* PBXTargetDependency */,
			);
			name = eXzemaTests;
			packageProductDependencies = (
			);
			productName = eXzemaTests;
			productReference = F8450D38523F86B9F354C3AF /* eXzemaTests.xctest */;
			productType = "com.apple.product-type.bundle.unit-test";
		};
		E2769587CAACBA961ECAC2AA /* eXzema */ = {
			isa = PBXNativeTarget;
			buildConfigurationList = 542906F296FB3A5702BD2401 /* Build configuration list for PBXNativeTarget "eXzema" */;
			buildPhases = (
				C9051670FE590B520D745C17 /* Sources */,
				ACD895AC9E920D4441E6D238 /* Resources */,
			);
			buildRules = (
			);
			dependencies = (
			);
			name = eXzema;
			packageProductDependencies = (
			);
			productName = eXzema;
			productReference = 12CCD5954B781EB5CC57992A /* eXzema.app */;
			productType = "com.apple.product-type.application";
		};
/* End PBXNativeTarget section */

/* Begin PBXProject section */
		9A7C92257B429346C6BB776B /* Project object */ = {
			isa = PBXProject;
			attributes = {
				BuildIndependentTargetsInParallel = YES;
				LastUpgradeCheck = 1430;
				TargetAttributes = {
					E2769587CAACBA961ECAC2AA = {
						ProvisioningStyle = Automatic;
					};
				};
			};
			buildConfigurationList = AD63249FD9D9F41294ABE5E2 /* Build configuration list for PBXProject "eXzema" */;
			developmentRegion = en;
			hasScannedForEncodings = 0;
			knownRegions = (
				Base,
				en,
			);
			mainGroup = 09F2944C7A22EBD2C36A2E91;
			minimizedProjectReferenceProxies = 1;
			preferredProjectObjectVersion = 77;
			productRefGroup = CC65C848DA77A266BE2FDBB3 /* Products */;
			projectDirPath = "";
			projectRoot = "";
			targets = (
				E2769587CAACBA961ECAC2AA /* eXzema */,
				E0830EA62F7F8E6467129F40 /* eXzemaTests */,
			);
		};
/* End PBXProject section */

/* Begin PBXResourcesBuildPhase section */
		ACD895AC9E920D4441E6D238 /* Resources */ = {
			isa = PBXResourcesBuildPhase;
			buildActionMask = 2147483647;
			files = (
				BCD6F5E7EE6526E2A515DE10 /* Assets.xcassets in Resources */,
				09455A36204B5397278BEF5D /* BarcodeDB.json in Resources */,
				B5DA94D60552F619AC0F03B4 /* KnownAllergens.json in Resources */,
			);
			runOnlyForDeploymentPostprocessing = 0;
		};
/* End PBXResourcesBuildPhase section */

/* Begin PBXSourcesBuildPhase section */
		4AA72C7A1BE1D053D2853950 /* Sources */ = {
			isa = PBXSourcesBuildPhase;
			buildActionMask = 2147483647;
			files = (
				166EB0766B3392358D29A6A3 /* CorrelationEngineTests.swift in Sources */,
			);
			runOnlyForDeploymentPostprocessing = 0;
		};
		C9051670FE590B520D745C17 /* Sources */ = {
			isa = PBXSourcesBuildPhase;
			buildActionMask = 2147483647;
			files = (
				5E512612C6753B6DA75FE4AE /* AssistantService.swift in Sources */,
				D4D42EE82525EAB0DFBE9897 /* BarcodeLookup.swift in Sources */,
				734730036D2363118645837D /* CheckProductView.swift in Sources */,
				63DB2BBF72FA3CCA5B56C5A7 /* CorrelationEngine.swift in Sources */,
				53FFCB65537A7F0CECFE9DA5 /* EXzemaApp.swift in Sources */,
				1F8122B98D21D4D9FFA9993A /* FlaresView.swift in Sources */,
				2296B88067026DDF1EDA32F8 /* IngredientParser.swift in Sources */,
				308BF05971ACDBCEF0B84B64 /* InsightsView.swift in Sources */,
				300797CE5A19473F751A7A4E /* KnownAllergens.swift in Sources */,
				4979C68B7CC2C1582F516A5E /* Models.swift in Sources */,
				C6A8255F617D24B0ADCCE834 /* PhotoStore.swift in Sources */,
				005129CFF22E14B10D708533 /* ProductsView.swift in Sources */,
				EC5A7466AAEA7E4861CF4AFC /* RootView.swift in Sources */,
				79D20996D9375A05F4E74E76 /* ScannerSheet.swift in Sources */,
				253687EF7F3BC2B3D465832F /* TodayView.swift in Sources */,
			);
			runOnlyForDeploymentPostprocessing = 0;
		};
/* End PBXSourcesBuildPhase section */

/* Begin PBXTargetDependency section */
		98E56A88EA997A9AF06015C6 /* PBXTargetDependency */ = {
			isa = PBXTargetDependency;
			target = E2769587CAACBA961ECAC2AA /* eXzema */;
			targetProxy = C2B1149C2AF7D284A74099E1 /* PBXContainerItemProxy */;
		};
/* End PBXTargetDependency section */

/* Begin XCBuildConfiguration section */
		0B402B8F9DB33ED04CF536F0 /* Release */ = {
			isa = XCBuildConfiguration;
			buildSettings = {
				ASSETCATALOG_COMPILER_APPICON_NAME = AppIcon;
				ASSETCATALOG_COMPILER_GLOBAL_ACCENT_COLOR_NAME = AccentColor;
				CODE_SIGN_IDENTITY = "iPhone Developer";
				CODE_SIGN_STYLE = Automatic;
				CURRENT_PROJECT_VERSION = 1;
				INFOPLIST_FILE = eXzema/Info.plist;
				LD_RUNPATH_SEARCH_PATHS = (
					"$(inherited)",
					"@executable_path/Frameworks",
				);
				MARKETING_VERSION = 0.1.0;
				PRODUCT_BUNDLE_IDENTIFIER = com.zzzhushi.eXzema;
				SDKROOT = iphoneos;
				TARGETED_DEVICE_FAMILY = "1,2";
			};
			name = Release;
		};
		18A863F4921990C37745D783 /* Debug */ = {
			isa = XCBuildConfiguration;
			buildSettings = {
				BUNDLE_LOADER = "$(TEST_HOST)";
				GENERATE_INFOPLIST_FILE = YES;
				LD_RUNPATH_SEARCH_PATHS = (
					"$(inherited)",
					"@executable_path/Frameworks",
					"@loader_path/Frameworks",
				);
				PRODUCT_BUNDLE_IDENTIFIER = com.zzzhushi.eXzemaTests;
				SDKROOT = iphoneos;
				TARGETED_DEVICE_FAMILY = "1,2";
				TEST_HOST = "$(BUILT_PRODUCTS_DIR)/eXzema.app/eXzema";
			};
			name = Debug;
		};
		214401044908C0986C530186 /* Debug */ = {
			isa = XCBuildConfiguration;
			buildSettings = {
				ALWAYS_SEARCH_USER_PATHS = NO;
				CLANG_ANALYZER_NONNULL = YES;
				CLANG_ANALYZER_NUMBER_OBJECT_CONVERSION = YES_AGGRESSIVE;
				CLANG_CXX_LANGUAGE_STANDARD = "gnu++14";
				CLANG_CXX_LIBRARY = "libc++";
				CLANG_ENABLE_MODULES = YES;
				CLANG_ENABLE_OBJC_ARC = YES;
				CLANG_ENABLE_OBJC_WEAK = YES;
				CLANG_WARN_BLOCK_CAPTURE_AUTORELEASING = YES;
				CLANG_WARN_BOOL_CONVERSION = YES;
				CLANG_WARN_COMMA = YES;
				CLANG_WARN_CONSTANT_CONVERSION = YES;
				CLANG_WARN_DEPRECATED_OBJC_IMPLEMENTATIONS = YES;
				CLANG_WARN_DIRECT_OBJC_ISA_USAGE = YES_ERROR;
				CLANG_WARN_DOCUMENTATION_COMMENTS = YES;
				CLANG_WARN_EMPTY_BODY = YES;
				CLANG_WARN_ENUM_CONVERSION = YES;
				CLANG_WARN_INFINITE_RECURSION = YES;
				CLANG_WARN_INT_CONVERSION = YES;
				CLANG_WARN_NON_LITERAL_NULL_CONVERSION = YES;
				CLANG_WARN_OBJC_IMPLICIT_RETAIN_SELF = YES;
				CLANG_WARN_OBJC_LITERAL_CONVERSION = YES;
				CLANG_WARN_OBJC_ROOT_CLASS = YES_ERROR;
				CLANG_WARN_QUOTED_INCLUDE_IN_FRAMEWORK_HEADER = YES;
				CLANG_WARN_RANGE_LOOP_ANALYSIS = YES;
				CLANG_WARN_STRICT_PROTOTYPES = YES;
				CLANG_WARN_SUSPICIOUS_MOVE = YES;
				CLANG_WARN_UNGUARDED_AVAILABILITY = YES_AGGRESSIVE;
				CLANG_WARN_UNREACHABLE_CODE = YES;
				CLANG_WARN__DUPLICATE_METHOD_MATCH = YES;
				COPY_PHASE_STRIP = NO;
				DEBUG_INFORMATION_FORMAT = dwarf;
				ENABLE_STRICT_OBJC_MSGSEND = YES;
				ENABLE_TESTABILITY = YES;
				GCC_C_LANGUAGE_STANDARD = gnu11;
				GCC_DYNAMIC_NO_PIC = NO;
				GCC_NO_COMMON_BLOCKS = YES;
				GCC_OPTIMIZATION_LEVEL = 0;
				GCC_PREPROCESSOR_DEFINITIONS = (
					"$(inherited)",
					"DEBUG=1",
				);
				GCC_WARN_64_TO_32_BIT_CONVERSION = YES;
				GCC_WARN_ABOUT_RETURN_TYPE = YES_ERROR;
				GCC_WARN_UNDECLARED_SELECTOR = YES;
				GCC_WARN_UNINITIALIZED_AUTOS = YES_AGGRESSIVE;
				GCC_WARN_UNUSED_FUNCTION = YES;
				GCC_WARN_UNUSED_VARIABLE = YES;
				IPHONEOS_DEPLOYMENT_TARGET = 26.0;
				MTL_ENABLE_DEBUG_INFO = INCLUDE_SOURCE;
				MTL_FAST_MATH = YES;
				ONLY_ACTIVE_ARCH = YES;
				PRODUCT_NAME = "$(TARGET_NAME)";
				SDKROOT = iphoneos;
				SWIFT_ACTIVE_COMPILATION_CONDITIONS = DEBUG;
				SWIFT_OPTIMIZATION_LEVEL = "-Onone";
				SWIFT_VERSION = 5.0;
				TARGETED_DEVICE_FAMILY = 1;
			};
			name = Debug;
		};
		87F4AD87D75119B767BA123E /* Debug */ = {
			isa = XCBuildConfiguration;
			buildSettings = {
				ASSETCATALOG_COMPILER_APPICON_NAME = AppIcon;
				ASSETCATALOG_COMPILER_GLOBAL_ACCENT_COLOR_NAME = AccentColor;
				CODE_SIGN_IDENTITY = "iPhone Developer";
				CODE_SIGN_STYLE = Automatic;
				CURRENT_PROJECT_VERSION = 1;
				INFOPLIST_FILE = eXzema/Info.plist;
				LD_RUNPATH_SEARCH_PATHS = (
					"$(inherited)",
					"@executable_path/Frameworks",
				);
				MARKETING_VERSION = 0.1.0;
				PRODUCT_BUNDLE_IDENTIFIER = com.zzzhushi.eXzema;
				SDKROOT = iphoneos;
				TARGETED_DEVICE_FAMILY = "1,2";
			};
			name = Debug;
		};
		D44CD1A5D2860729B64F2CCF /* Release */ = {
			isa = XCBuildConfiguration;
			buildSettings = {
				BUNDLE_LOADER = "$(TEST_HOST)";
				GENERATE_INFOPLIST_FILE = YES;
				LD_RUNPATH_SEARCH_PATHS = (
					"$(inherited)",
					"@executable_path/Frameworks",
					"@loader_path/Frameworks",
				);
				PRODUCT_BUNDLE_IDENTIFIER = com.zzzhushi.eXzemaTests;
				SDKROOT = iphoneos;
				TARGETED_DEVICE_FAMILY = "1,2";
				TEST_HOST = "$(BUILT_PRODUCTS_DIR)/eXzema.app/eXzema";
			};
			name = Release;
		};
		F1EFE25AE42D15F2F1645629 /* Release */ = {
			isa = XCBuildConfiguration;
			buildSettings = {
				ALWAYS_SEARCH_USER_PATHS = NO;
				CLANG_ANALYZER_NONNULL = YES;
				CLANG_ANALYZER_NUMBER_OBJECT_CONVERSION = YES_AGGRESSIVE;
				CLANG_CXX_LANGUAGE_STANDARD = "gnu++14";
				CLANG_CXX_LIBRARY = "libc++";
				CLANG_ENABLE_MODULES = YES;
				CLANG_ENABLE_OBJC_ARC = YES;
				CLANG_ENABLE_OBJC_WEAK = YES;
				CLANG_WARN_BLOCK_CAPTURE_AUTORELEASING = YES;
				CLANG_WARN_BOOL_CONVERSION = YES;
				CLANG_WARN_COMMA = YES;
				CLANG_WARN_CONSTANT_CONVERSION = YES;
				CLANG_WARN_DEPRECATED_OBJC_IMPLEMENTATIONS = YES;
				CLANG_WARN_DIRECT_OBJC_ISA_USAGE = YES_ERROR;
				CLANG_WARN_DOCUMENTATION_COMMENTS = YES;
				CLANG_WARN_EMPTY_BODY = YES;
				CLANG_WARN_ENUM_CONVERSION = YES;
				CLANG_WARN_INFINITE_RECURSION = YES;
				CLANG_WARN_INT_CONVERSION = YES;
				CLANG_WARN_NON_LITERAL_NULL_CONVERSION = YES;
				CLANG_WARN_OBJC_IMPLICIT_RETAIN_SELF = YES;
				CLANG_WARN_OBJC_LITERAL_CONVERSION = YES;
				CLANG_WARN_OBJC_ROOT_CLASS = YES_ERROR;
				CLANG_WARN_QUOTED_INCLUDE_IN_FRAMEWORK_HEADER = YES;
				CLANG_WARN_RANGE_LOOP_ANALYSIS = YES;
				CLANG_WARN_STRICT_PROTOTYPES = YES;
				CLANG_WARN_SUSPICIOUS_MOVE = YES;
				CLANG_WARN_UNGUARDED_AVAILABILITY = YES_AGGRESSIVE;
				CLANG_WARN_UNREACHABLE_CODE = YES;
				CLANG_WARN__DUPLICATE_METHOD_MATCH = YES;
				COPY_PHASE_STRIP = NO;
				DEBUG_INFORMATION_FORMAT = "dwarf-with-dsym";
				ENABLE_NS_ASSERTIONS = NO;
				ENABLE_STRICT_OBJC_MSGSEND = YES;
				GCC_C_LANGUAGE_STANDARD = gnu11;
				GCC_NO_COMMON_BLOCKS = YES;
				GCC_WARN_64_TO_32_BIT_CONVERSION = YES;
				GCC_WARN_ABOUT_RETURN_TYPE = YES_ERROR;
				GCC_WARN_UNDECLARED_SELECTOR = YES;
				GCC_WARN_UNINITIALIZED_AUTOS = YES_AGGRESSIVE;
				GCC_WARN_UNUSED_FUNCTION = YES;
				GCC_WARN_UNUSED_VARIABLE = YES;
				IPHONEOS_DEPLOYMENT_TARGET = 26.0;
				MTL_ENABLE_DEBUG_INFO = NO;
				MTL_FAST_MATH = YES;
				PRODUCT_NAME = "$(TARGET_NAME)";
				SDKROOT = iphoneos;
				SWIFT_COMPILATION_MODE = wholemodule;
				SWIFT_OPTIMIZATION_LEVEL = "-O";
				SWIFT_VERSION = 5.0;
				TARGETED_DEVICE_FAMILY = 1;
			};
			name = Release;
		};
/* End XCBuildConfiguration section */

/* Begin XCConfigurationList section */
		0F78EFDA9B86C72C4982372E /* Build configuration list for PBXNativeTarget "eXzemaTests" */ = {
			isa = XCConfigurationList;
			buildConfigurations = (
				18A863F4921990C37745D783 /* Debug */,
				D44CD1A5D2860729B64F2CCF /* Release */,
			);
			defaultConfigurationIsVisible = 0;
			defaultConfigurationName = Debug;
		};
		542906F296FB3A5702BD2401 /* Build configuration list for PBXNativeTarget "eXzema" */ = {
			isa = XCConfigurationList;
			buildConfigurations = (
				87F4AD87D75119B767BA123E /* Debug */,
				0B402B8F9DB33ED04CF536F0 /* Release */,
			);
			defaultConfigurationIsVisible = 0;
			defaultConfigurationName = Debug;
		};
		AD63249FD9D9F41294ABE5E2 /* Build configuration list for PBXProject "eXzema" */ = {
			isa = XCConfigurationList;
			buildConfigurations = (
				214401044908C0986C530186 /* Debug */,
				F1EFE25AE42D15F2F1645629 /* Release */,
			);
			defaultConfigurationIsVisible = 0;
			defaultConfigurationName = Debug;
		};
/* End XCConfigurationList section */
	};
	rootObject = 9A7C92257B429346C6BB776B /* Project object */;
}
